
Microsoft Visual Studio Solution File, Format Version 12.00
# Visual Studio 15
VisualStudioVersion = 15.0.27130.2020
MinimumVisualStudioVersion = 10.0.40219.1
Project("{8BC9CEB8-8B4A-11D0-8D11-00A0C91BC942}") = "Observer_Pattern", "Observer_Pattern\Observer_Pattern.vcxproj", "{48DCB3D5-26F0-48AF-BD5A-7484A406E07B}"
EndProject
Global
	GlobalSection(SolutionConfigurationPlatforms) = preSolution
		Debug|x64 = Debug|x64
		Debug|x86 = Debug|x86
		Release|x64 = Release|x64
		Release|x86 = Release|x86
	EndGlobalSection
	GlobalSection(ProjectConfigurationPlatforms) = postSolution
		{48DCB3D5-26F0-48AF-BD5A-7484A406E07B}.Debug|x64.ActiveCfg = Debug|x64
		{48DCB3D5-26F0-48AF-BD5A-7484A406E07B}.Debug|x64.Build.0 = Debug|x64
		{48DCB3D5-26F0-48AF-BD5A-7484A406E07B}.Debug|x86.ActiveCfg = Debug|Win32
		{48DCB3D5-26F0-48AF-BD5A-7484A406E07B}.Debug|x86.Build.0 = Debug|Win32
		{48DCB3D5-26F0-48AF-BD5A-7484A406E07B}.Release|x64.ActiveCfg = Release|x64
		{48DCB3D5-26F0-48AF-BD5A-7484A406E07B}.Release|x64.Build.0 = Release|x64
		{48DCB3D5-26F0-48AF-BD5A-7484A406E07B}.Release|x86.ActiveCfg = Release|Win32
		{48DCB3D5-26F0-48AF-BD5A-7484A406E07B}.Release|x86.Build.0 = Release|Win32
	EndGlobalSection
	GlobalSection(SolutionProperties) = preSolution
		HideSolutionNode = FALSE
	EndGlobalSection
	GlobalSection(ExtensibilityGlobals) = postSolution
		SolutionGuid = {00B642AD-8B4F-4231-A583-0535318C0CA7}
	EndGlobalSection
EndGlobal
